
Microsoft Visual Studio Solution File, Format Version 12.00
# Visual Studio Version 17
VisualStudioVersion = 17.14.37027.9
MinimumVisualStudioVersion = 10.0.40219.1
Project("{2150E333-8FDC-42A3-9474-1A3956D46DE8}") = "src", "src", "{827E0CD3-B72D-47B6-A68D-7590B98EB39B}"
EndProject
Project("{FAE04EC0-301F-11D3-BF4B-00C04F79EFBC}") = "MigrationService", "src\MigrationService\MigrationService.csproj", "{D0857816-D165-495B-B909-7A36AAC21837}"
EndProject
Project("{FAE04EC0-301F-11D3-BF4B-00C04F79EFBC}") = "CurrencyUpdater", "src\CurrencyUpdater\CurrencyUpdater.csproj", "{91B5A9D7-ACD8-45E5-84FC-9F899FD06749}"
EndProject
Project("{2150E333-8FDC-42A3-9474-1A3956D46DE8}") = "UserService", "UserService", "{CB753486-031C-08A7-C788-4C8CBC49DED1}"
EndProject
Project("{FAE04EC0-301F-11D3-BF4B-00C04F79EFBC}") = "UserService.Domain", "src\UserService\UserService.Domain\UserService.Domain.csproj", "{D7B5687B-ADF7-4983-8233-B1FEA3F99FCF}"
EndProject
Project("{FAE04EC0-301F-11D3-BF4B-00C04F79EFBC}") = "UserService.Application", "src\UserService\UserService.Application\UserService.Application.csproj", "{ED3A1C15-8D7E-4831-99C1-ECCC7F558125}"
EndProject
Project("{FAE04EC0-301F-11D3-BF4B-00C04F79EFBC}") = "UserService.Infrastructure", "src\UserService\UserService.Infrastructure\UserService.Infrastructure.csproj", "{5CC0523D-C482-4DE6-A174-73B4075B03F6}"
EndProject
Project("{FAE04EC0-301F-11D3-BF4B-00C04F79EFBC}") = "UserService.API", "src\UserService\UserService.API\UserService.API.csproj", "{1368BC22-EE93-4427-BB8A-970A513527E0}"
EndProject
Project("{2150E333-8FDC-42A3-9474-1A3956D46DE8}") = "FinanceService", "FinanceService", "{C8A81FA1-00A6-A89E-D121-D71451D98C8A}"
EndProject
Project("{FAE04EC0-301F-11D3-BF4B-00C04F79EFBC}") = "FinanceService.Domain", "src\FinanceService\FinanceService.Domain\FinanceService.Domain.csproj", "{237865F0-55EF-4A20-B23D-ECD668F64A52}"
EndProject
Project("{FAE04EC0-301F-11D3-BF4B-00C04F79EFBC}") = "FinanceService.Application", "src\FinanceService\FinanceService.Application\FinanceService.Application.csproj", "{CBFC656F-210C-4B09-A9AE-9955EBBA8084}"
EndProject
Project("{FAE04EC0-301F-11D3-BF4B-00C04F79EFBC}") = "FinanceService.Infrastructure", "src\FinanceService\FinanceService.Infrastructure\FinanceService.Infrastructure.csproj", "{B44EFFB7-3CD1-4EC6-9A9E-91E7D3930A89}"
EndProject
Project("{FAE04EC0-301F-11D3-BF4B-00C04F79EFBC}") = "FinanceService.API", "src\FinanceService\FinanceService.API\FinanceService.API.csproj", "{737120AD-26CB-488A-B1D0-516A41E14110}"
EndProject
Project("{FAE04EC0-301F-11D3-BF4B-00C04F79EFBC}") = "ApiGateway", "src\ApiGateway\ApiGateway.csproj", "{E0BB07CB-CF4B-4885-AC8D-EE842D760F33}"
EndProject
Project("{2150E333-8FDC-42A3-9474-1A3956D46DE8}") = "tests", "tests", "{0AB3BF05-4346-4AA6-1389-037BE0695223}"
EndProject
Project("{FAE04EC0-301F-11D3-BF4B-00C04F79EFBC}") = "UserService.Tests", "tests\UserService.Tests\UserService.Tests.csproj", "{72429CD8-26D5-49BB-AA9D-4BAC19F9FE93}"
EndProject
Project("{FAE04EC0-301F-11D3-BF4B-00C04F79EFBC}") = "FinanceService.Tests", "tests\FinanceService.Tests\FinanceService.Tests.csproj", "{89A54284-5455-4CFA-8DEB-6ED8D20A1707}"
EndProject
Global
	GlobalSection(SolutionConfigurationPlatforms) = preSolution
		Debug|Any CPU = Debug|Any CPU
		Debug|x64 = Debug|x64
		Debug|x86 = Debug|x86
		Release|Any CPU = Release|Any CPU
		Release|x64 = Release|x64
		Release|x86 = Release|x86
	EndGlobalSection
	GlobalSection(ProjectConfigurationPlatforms) = postSolution
		{D0857816-D165-495B-B909-7A36AAC21837}.Debug|Any CPU.ActiveCfg = Debug|Any CPU
		{D0857816-D165-495B-B909-7A36AAC21837}.Debug|Any CPU.Build.0 = Debug|Any CPU
		{D0857816-D165-495B-B909-7A36AAC21837}.Debug|x64.ActiveCfg = Debug|Any CPU
		{D0857816-D165-495B-B909-7A36AAC21837}.Debug|x64.Build.0 = Debug|Any CPU
		{D0857816-D165-495B-B909-7A36AAC21837}.Debug|x86.ActiveCfg = Debug|Any CPU
		{D0857816-D165-495B-B909-7A36AAC21837}.Debug|x86.Build.0 = Debug|Any CPU
		{D0857816-D165-495B-B909-7A36AAC21837}.Release|Any CPU.ActiveCfg = Release|Any CPU
		{D0857816-D165-495B-B909-7A36AAC21837}.Release|Any CPU.Build.0 = Release|Any CPU
		{D0857816-D165-495B-B909-7A36AAC21837}.Release|x64.ActiveCfg = Release|Any CPU
		{D0857816-D165-495B-B909-7A36AAC21837}.Release|x64.Build.0 = Release|Any CPU
		{D0857816-D165-495B-B909-7A36AAC21837}.Release|x86.ActiveCfg = Release|Any CPU
		{D0857816-D165-495B-B909-7A36AAC21837}.Release|x86.Build.0 = Release|Any CPU
		{91B5A9D7-ACD8-45E5-84FC-9F899FD06749}.Debug|Any CPU.ActiveCfg = Debug|Any CPU
		{91B5A9D7-ACD8-45E5-84FC-9F899FD06749}.Debug|Any CPU.Build.0 = Debug|Any CPU
		{91B5A9D7-ACD8-45E5-84FC-9F899FD06749}.Debug|x64.ActiveCfg = Debug|Any CPU
		{91B5A9D7-ACD8-45E5-84FC-9F899FD06749}.Debug|x64.Build.0 = Debug|Any CPU
		{91B5A9D7-ACD8-45E5-84FC-9F899FD06749}.Debug|x86.ActiveCfg = Debug|Any CPU
		{91B5A9D7-ACD8-45E5-84FC-9F899FD06749}.Debug|x86.Build.0 = Debug|Any CPU
		{91B5A9D7-ACD8-45E5-84FC-9F899FD06749}.Release|Any CPU.ActiveCfg = Release|Any CPU
		{91B5A9D7-ACD8-45E5-84FC-9F899FD06749}.Release|Any CPU.Build.0 = Release|Any CPU
		{91B5A9D7-ACD8-45E5-84FC-9F899FD06749}.Release|x64.ActiveCfg = Release|Any CPU
		{91B5A9D7-ACD8-45E5-84FC-9F899FD06749}.Release|x64.Build.0 = Release|Any CPU
		{91B5A9D7-ACD8-45E5-84FC-9F899FD06749}.Release|x86.ActiveCfg = Release|Any CPU
		{91B5A9D7-ACD8-45E5-84FC-9F899FD06749}.Release|x86.Build.0 = Release|Any CPU
		{D7B5687B-ADF7-4983-8233-B1FEA3F99FCF}.Debug|Any CPU.ActiveCfg = Debug|Any CPU
		{D7B5687B-ADF7-4983-8233-B1FEA3F99FCF}.Debug|Any CPU.Build.0 = Debug|Any CPU
		{D7B5687B-ADF7-4983-8233-B1FEA3F99FCF}.Debug|x64.ActiveCfg = Debug|Any CPU
		{D7B5687B-ADF7-4983-8233-B1FEA3F99FCF}.Debug|x64.Build.0 = Debug|Any CPU
		{D7B5687B-ADF7-4983-8233-B1FEA3F99FCF}.Debug|x86.ActiveCfg = Debug|Any CPU
		{D7B5687B-ADF7-4983-8233-B1FEA3F99FCF}.Debug|x86.Build.0 = Debug|Any CPU
		{D7B5687B-ADF7-4983-8233-B1FEA3F99FCF}.Release|Any CPU.ActiveCfg = Release|Any CPU
		{D7B5687B-ADF7-4983-8233-B1FEA3F99FCF}.Release|Any CPU.Build.0 = Release|Any CPU
		{D7B5687B-ADF7-4983-8233-B1FEA3F99FCF}.Release|x64.ActiveCfg = Release|Any CPU
		{D7B5687B-ADF7-4983-8233-B1FEA3F99FCF}.Release|x64.Build.0 = Release|Any CPU
		{D7B5687B-ADF7-4983-8233-B1FEA3F99FCF}.Release|x86.ActiveCfg = Release|Any CPU
		{D7B5687B-ADF7-4983-8233-B1FEA3F99FCF}.Release|x86.Build.0 = Release|Any CPU
		{ED3A1C15-8D7E-4831-99C1-ECCC7F558125}.Debug|Any CPU.ActiveCfg = Debug|Any CPU
		{ED3A1C15-8D7E-4831-99C1-ECCC7F558125}.Debug|Any CPU.Build.0 = Debug|Any CPU
		{ED3A1C15-8D7E-4831-99C1-ECCC7F558125}.Debug|x64.ActiveCfg = Debug|Any CPU
		{ED3A1C15-8D7E-4831-99C1-ECCC7F558125}.Debug|x64.Build.0 = Debug|Any CPU
		{ED3A1C15-8D7E-4831-99C1-ECCC7F558125}.Debug|x86.ActiveCfg = Debug|Any CPU
		{ED3A1C15-8D7E-4831-99C1-ECCC7F558125}.Debug|x86.Build.0 = Debug|Any CPU
		{ED3A1C15-8D7E-4831-99C1-ECCC7F558125}.Release|Any CPU.ActiveCfg = Release|Any CPU
		{ED3A1C15-8D7E-4831-99C1-ECCC7F558125}.Release|Any CPU.Build.0 = Release|Any CPU
		{ED3A1C15-8D7E-4831-99C1-ECCC7F558125}.Release|x64.ActiveCfg = Release|Any CPU
		{ED3A1C15-8D7E-4831-99C1-ECCC7F558125}.Release|x64.Build.0 = Release|Any CPU
		{ED3A1C15-8D7E-4831-99C1-ECCC7F558125}.Release|x86.ActiveCfg = Release|Any CPU
		{ED3A1C15-8D7E-4831-99C1-ECCC7F558125}.Release|x86.Build.0 = Release|Any CPU
		{5CC0523D-C482-4DE6-A174-73B4075B03F6}.Debug|Any CPU.ActiveCfg = Debug|Any CPU
		{5CC0523D-C482-4DE6-A174-73B4075B03F6}.Debug|Any CPU.Build.0 = Debug|Any CPU
		{5CC0523D-C482-4DE6-A174-73B4075B03F6}.Debug|x64.ActiveCfg = Debug|Any CPU
		{5CC0523D-C482-4DE6-A174-73B4075B03F6}.Debug|x64.Build.0 = Debug|Any CPU
		{5CC0523D-C482-4DE6-A174-73B4075B03F6}.Debug|x86.ActiveCfg = Debug|Any CPU
		{5CC0523D-C482-4DE6-A174-73B4075B03F6}.Debug|x86.Build.0 = Debug|Any CPU
		{5CC0523D-C482-4DE6-A174-73B4075B03F6}.Release|Any CPU.ActiveCfg = Release|Any CPU
		{5CC0523D-C482-4DE6-A174-73B4075B03F6}.Release|Any CPU.Build.0 = Release|Any CPU
		{5CC0523D-C482-4DE6-A174-73B4075B03F6}.Release|x64.ActiveCfg = Release|Any CPU
		{5CC0523D-C482-4DE6-A174-73B4075B03F6}.Release|x64.Build.0 = Release|Any CPU
		{5CC0523D-C482-4DE6-A174-73B4075B03F6}.Release|x86.ActiveCfg = Release|Any CPU
		{5CC0523D-C482-4DE6-A174-73B4075B03F6}.Release|x86.Build.0 = Release|Any CPU
		{1368BC22-EE93-4427-BB8A-970A513527E0}.Debug|Any CPU.ActiveCfg = Debug|Any CPU
		{1368BC22-EE93-4427-BB8A-970A513527E0}.Debug|Any CPU.Build.0 = Debug|Any CPU
		{1368BC22-EE93-4427-BB8A-970A513527E0}.Debug|x64.ActiveCfg = Debug|Any CPU
		{1368BC22-EE93-4427-BB8A-970A513527E0}.Debug|x64.Build.0 = Debug|Any CPU
		{1368BC22-EE93-4427-BB8A-970A513527E0}.Debug|x86.ActiveCfg = Debug|Any CPU
		{1368BC22-EE93-4427-BB8A-970A513527E0}.Debug|x86.Build.0 = Debug|Any CPU
		{1368BC22-EE93-4427-BB8A-970A513527E0}.Release|Any CPU.ActiveCfg = Release|Any CPU
		{1368BC22-EE93-4427-BB8A-970A513527E0}.Release|Any CPU.Build.0 = Release|Any CPU
		{1368BC22-EE93-4427-BB8A-970A513527E0}.Release|x64.ActiveCfg = Release|Any CPU
		{1368BC22-EE93-4427-BB8A-970A513527E0}.Release|x64.Build.0 = Release|Any CPU
		{1368BC22-EE93-4427-BB8A-970A513527E0}.Release|x86.ActiveCfg = Release|Any CPU
		{1368BC22-EE93-4427-BB8A-970A513527E0}.Release|x86.Build.0 = Release|Any CPU
		{237865F0-55EF-4A20-B23D-ECD668F64A52}.Debug|Any CPU.ActiveCfg = Debug|Any CPU
		{237865F0-55EF-4A20-B23D-ECD668F64A52}.Debug|Any CPU.Build.0 = Debug|Any CPU
		{237865F0-55EF-4A20-B23D-ECD668F64A52}.Debug|x64.ActiveCfg = Debug|Any CPU
		{237865F0-55EF-4A20-B23D-ECD668F64A52}.Debug|x64.Build.0 = Debug|Any CPU
		{237865F0-55EF-4A20-B23D-ECD668F64A52}.Debug|x86.ActiveCfg = Debug|Any CPU
		{237865F0-55EF-4A20-B23D-ECD668F64A52}.Debug|x86.Build.0 = Debug|Any CPU
		{237865F0-55EF-4A20-B23D-ECD668F64A52}.Release|Any CPU.ActiveCfg = Release|Any CPU
		{237865F0-55EF-4A20-B23D-ECD668F64A52}.Release|Any CPU.Build.0 = Release|Any CPU
		{237865F0-55EF-4A20-B23D-ECD668F64A52}.Release|x64.ActiveCfg = Release|Any CPU
		{237865F0-55EF-4A20-B23D-ECD668F64A52}.Release|x64.Build.0 = Release|Any CPU
		{237865F0-55EF-4A20-B23D-ECD668F64A52}.Release|x86.ActiveCfg = Release|Any CPU
		{237865F0-55EF-4A20-B23D-ECD668F64A52}.Release|x86.Build.0 = Release|Any CPU
		{CBFC656F-210C-4B09-A9AE-9955EBBA8084}.Debug|Any CPU.ActiveCfg = Debug|Any CPU
		{CBFC656F-210C-4B09-A9AE-9955EBBA8084}.Debug|Any CPU.Build.0 = Debug|Any CPU
		{CBFC656F-210C-4B09-A9AE-9955EBBA8084}.Debug|x64.ActiveCfg = Debug|Any CPU
		{CBFC656F-210C-4B09-A9AE-9955EBBA8084}.Debug|x64.Build.0 = Debug|Any CPU
		{CBFC656F-210C-4B09-A9AE-9955EBBA8084}.Debug|x86.ActiveCfg = Debug|Any CPU
		{CBFC656F-210C-4B09-A9AE-9955EBBA8084}.Debug|x86.Build.0 = Debug|Any CPU
		{CBFC656F-210C-4B09-A9AE-9955EBBA8084}.Release|Any CPU.ActiveCfg = Release|Any CPU
		{CBFC656F-210C-4B09-A9AE-9955EBBA8084}.Release|Any CPU.Build.0 = Release|Any CPU
		{CBFC656F-210C-4B09-A9AE-9955EBBA8084}.Release|x64.ActiveCfg = Release|Any CPU
		{CBFC656F-210C-4B09-A9AE-9955EBBA8084}.Release|x64.Build.0 = Release|Any CPU
		{CBFC656F-210C-4B09-A9AE-9955EBBA8084}.Release|x86.ActiveCfg = Release|Any CPU
		{CBFC656F-210C-4B09-A9AE-9955EBBA8084}.Release|x86.Build.0 = Release|Any CPU
		{B44EFFB7-3CD1-4EC6-9A9E-91E7D3930A89}.Debug|Any CPU.ActiveCfg = Debug|Any CPU
		{B44EFFB7-3CD1-4EC6-9A9E-91E7D3930A89}.Debug|Any CPU.Build.0 = Debug|Any CPU
		{B44EFFB7-3CD1-4EC6-9A9E-91E7D3930A89}.Debug|x64.ActiveCfg = Debug|Any CPU
		{B44EFFB7-3CD1-4EC6-9A9E-91E7D3930A89}.Debug|x64.Build.0 = Debug|Any CPU
		{B44EFFB7-3CD1-4EC6-9A9E-91E7D3930A89}.Debug|x86.ActiveCfg = Debug|Any CPU
		{B44EFFB7-3CD1-4EC6-9A9E-91E7D3930A89}.Debug|x86.Build.0 = Debug|Any CPU
		{B44EFFB7-3CD1-4EC6-9A9E-91E7D3930A89}.Release|Any CPU.ActiveCfg = Release|Any CPU
		{B44EFFB7-3CD1-4EC6-9A9E-91E7D3930A89}.Release|Any CPU.Build.0 = Release|Any CPU
		{B44EFFB7-3CD1-4EC6-9A9E-91E7D3930A89}.Release|x64.ActiveCfg = Release|Any CPU
		{B44EFFB7-3CD1-4EC6-9A9E-91E7D3930A89}.Release|x64.Build.0 = Release|Any CPU
		{B44EFFB7-3CD1-4EC6-9A9E-91E7D3930A89}.Release|x86.ActiveCfg = Release|Any CPU
		{B44EFFB7-3CD1-4EC6-9A9E-91E7D3930A89}.Release|x86.Build.0 = Release|Any CPU
		{737120AD-26CB-488A-B1D0-516A41E14110}.Debug|Any CPU.ActiveCfg = Debug|Any CPU
		{737120AD-26CB-488A-B1D0-516A41E14110}.Debug|Any CPU.Build.0 = Debug|Any CPU
		{737120AD-26CB-488A-B1D0-516A41E14110}.Debug|x64.ActiveCfg = Debug|Any CPU
		{737120AD-26CB-488A-B1D0-516A41E14110}.Debug|x64.Build.0 = Debug|Any CPU
		{737120AD-26CB-488A-B1D0-516A41E14110}.Debug|x86.ActiveCfg = Debug|Any CPU
		{737120AD-26CB-488A-B1D0-516A41E14110}.Debug|x86.Build.0 = Debug|Any CPU
		{737120AD-26CB-488A-B1D0-516A41E14110}.Release|Any CPU.ActiveCfg = Release|Any CPU
		{737120AD-26CB-488A-B1D0-516A41E14110}.Release|Any CPU.Build.0 = Release|Any CPU
		{737120AD-26CB-488A-B1D0-516A41E14110}.Release|x64.ActiveCfg = Release|Any CPU
		{737120AD-26CB-488A-B1D0-516A41E14110}.Release|x64.Build.0 = Release|Any CPU
		{737120AD-26CB-488A-B1D0-516A41E14110}.Release|x86.ActiveCfg = Release|Any CPU
		{737120AD-26CB-488A-B1D0-516A41E14110}.Release|x86.Build.0 = Release|Any CPU
		{E0BB07CB-CF4B-4885-AC8D-EE842D760F33}.Debug|Any CPU.ActiveCfg = Debug|Any CPU
		{E0BB07CB-CF4B-4885-AC8D-EE842D760F33}.Debug|Any CPU.Build.0 = Debug|Any CPU
		{E0BB07CB-CF4B-4885-AC8D-EE842D760F33}.Debug|x64.ActiveCfg = Debug|Any CPU
		{E0BB07CB-CF4B-4885-AC8D-EE842D760F33}.Debug|x64.Build.0 = Debug|Any CPU
		{E0BB07CB-CF4B-4885-AC8D-EE842D760F33}.Debug|x86.ActiveCfg = Debug|Any CPU
		{E0BB07CB-CF4B-4885-AC8D-EE842D760F33}.Debug|x86.Build.0 = Debug|Any CPU
		{E0BB07CB-CF4B-4885-AC8D-EE842D760F33}.Release|Any CPU.ActiveCfg = Release|Any CPU
		{E0BB07CB-CF4B-4885-AC8D-EE842D760F33}.Release|Any CPU.Build.0 = Release|Any CPU
		{E0BB07CB-CF4B-4885-AC8D-EE842D760F33}.Release|x64.ActiveCfg = Release|Any CPU
		{E0BB07CB-CF4B-4885-AC8D-EE842D760F33}.Release|x64.Build.0 = Release|Any CPU
		{E0BB07CB-CF4B-4885-AC8D-EE842D760F33}.Release|x86.ActiveCfg = Release|Any CPU
		{E0BB07CB-CF4B-4885-AC8D-EE842D760F33}.Release|x86.Build.0 = Release|Any CPU
		{72429CD8-26D5-49BB-AA9D-4BAC19F9FE93}.Debug|Any CPU.ActiveCfg = Debug|Any CPU
		{72429CD8-26D5-49BB-AA9D-4BAC19F9FE93}.Debug|Any CPU.Build.0 = Debug|Any CPU
		{72429CD8-26D5-49BB-AA9D-4BAC19F9FE93}.Debug|x64.ActiveCfg = Debug|Any CPU
		{72429CD8-26D5-49BB-AA9D-4BAC19F9FE93}.Debug|x64.Build.0 = Debug|Any CPU
		{72429CD8-26D5-49BB-AA9D-4BAC19F9FE93}.Debug|x86.ActiveCfg = Debug|Any CPU
		{72429CD8-26D5-49BB-AA9D-4BAC19F9FE93}.Debug|x86.Build.0 = Debug|Any CPU
		{72429CD8-26D5-49BB-AA9D-4BAC19F9FE93}.Release|Any CPU.ActiveCfg = Release|Any CPU
		{72429CD8-26D5-49BB-AA9D-4BAC19F9FE93}.Release|Any CPU.Build.0 = Release|Any CPU
		{72429CD8-26D5-49BB-AA9D-4BAC19F9FE93}.Release|x64.ActiveCfg = Release|Any CPU
		{72429CD8-26D5-49BB-AA9D-4BAC19F9FE93}.Release|x64.Build.0 = Release|Any CPU
		{72429CD8-26D5-49BB-AA9D-4BAC19F9FE93}.Release|x86.ActiveCfg = Release|Any CPU
		{72429CD8-26D5-49BB-AA9D-4BAC19F9FE93}.Release|x86.Build.0 = Release|Any CPU
		{89A54284-5455-4CFA-8DEB-6ED8D20A1707}.Debug|Any CPU.ActiveCfg = Debug|Any CPU
		{89A54284-5455-4CFA-8DEB-6ED8D20A1707}.Debug|Any CPU.Build.0 = Debug|Any CPU
		{89A54284-5455-4CFA-8DEB-6ED8D20A1707}.Debug|x64.ActiveCfg = Debug|Any CPU
		{89A54284-5455-4CFA-8DEB-6ED8D20A1707}.Debug|x64.Build.0 = Debug|Any CPU
		{89A54284-5455-4CFA-8DEB-6ED8D20A1707}.Debug|x86.ActiveCfg = Debug|Any CPU
		{89A54284-5455-4CFA-8DEB-6ED8D20A1707}.Debug|x86.Build.0 = Debug|Any CPU
		{89A54284-5455-4CFA-8DEB-6ED8D20A1707}.Release|Any CPU.ActiveCfg = Release|Any CPU
		{89A54284-5455-4CFA-8DEB-6ED8D20A1707}.Release|Any CPU.Build.0 = Release|Any CPU
		{89A54284-5455-4CFA-8DEB-6ED8D20A1707}.Release|x64.ActiveCfg = Release|Any CPU
		{89A54284-5455-4CFA-8DEB-6ED8D20A1707}.Release|x64.Build.0 = Release|Any CPU
		{89A54284-5455-4CFA-8DEB-6ED8D20A1707}.Release|x86.ActiveCfg = Release|Any CPU
		{89A54284-5455-4CFA-8DEB-6ED8D20A1707}.Release|x86.Build.0 = Release|Any CPU
	EndGlobalSection
	GlobalSection(SolutionProperties) = preSolution
		HideSolutionNode = FALSE
	EndGlobalSection
	GlobalSection(NestedProjects) = preSolution
		{D0857816-D165-495B-B909-7A36AAC21837} = {827E0CD3-B72D-47B6-A68D-7590B98EB39B}
		{91B5A9D7-ACD8-45E5-84FC-9F899FD06749} = {827E0CD3-B72D-47B6-A68D-7590B98EB39B}
		{CB753486-031C-08A7-C788-4C8CBC49DED1} = {827E0CD3-B72D-47B6-A68D-7590B98EB39B}
		{D7B5687B-ADF7-4983-8233-B1FEA3F99FCF} = {CB753486-031C-08A7-C788-4C8CBC49DED1}
		{ED3A1C15-8D7E-4831-99C1-ECCC7F558125} = {CB753486-031C-08A7-C788-4C8CBC49DED1}
		{5CC0523D-C482-4DE6-A174-73B4075B03F6} = {CB753486-031C-08A7-C788-4C8CBC49DED1}
		{1368BC22-EE93-4427-BB8A-970A513527E0} = {CB753486-031C-08A7-C788-4C8CBC49DED1}
		{C8A81FA1-00A6-A89E-D121-D71451D98C8A} = {827E0CD3-B72D-47B6-A68D-7590B98EB39B}
		{237865F0-55EF-4A20-B23D-ECD668F64A52} = {C8A81FA1-00A6-A89E-D121-D71451D98C8A}
		{CBFC656F-210C-4B09-A9AE-9955EBBA8084} = {C8A81FA1-00A6-A89E-D121-D71451D98C8A}
		{B44EFFB7-3CD1-4EC6-9A9E-91E7D3930A89} = {C8A81FA1-00A6-A89E-D121-D71451D98C8A}
		{737120AD-26CB-488A-B1D0-516A41E14110} = {C8A81FA1-00A6-A89E-D121-D71451D98C8A}
		{E0BB07CB-CF4B-4885-AC8D-EE842D760F33} = {827E0CD3-B72D-47B6-A68D-7590B98EB39B}
		{72429CD8-26D5-49BB-AA9D-4BAC19F9FE93} = {0AB3BF05-4346-4AA6-1389-037BE0695223}
		{89A54284-5455-4CFA-8DEB-6ED8D20A1707} = {0AB3BF05-4346-4AA6-1389-037BE0695223}
	EndGlobalSection
	GlobalSection(ExtensibilityGlobals) = postSolution
		SolutionGuid = {FCBFCE82-8F68-40A7-98AC-4531E21B2D40}
	EndGlobalSection
EndGlobal
